<?xml version="1.0" encoding="utf-8"?>
<Project ToolsVersion="4.0" xmlns="http://schemas.microsoft.com/developer/msbuild/2003">
  <ItemGroup>
    <Filter Include="Source Files">
      <UniqueIdentifier>{4FC737F1-C7A5-4376-A066-2A32D752A2FF}</UniqueIdentifier>
      <Extensions>cpp;c;cc;cxx;def;odl;idl;hpj;bat;asm;asmx</Extensions>
    </Filter>
    <Filter Include="Header Files">
      <UniqueIdentifier>{93995380-89BD-4b04-88EB-625FBE52EBFB}</UniqueIdentifier>
      <Extensions>h;hh;hpp;hxx;hm;inl;inc;xsd</Extensions>
    </Filter>
    <Filter Include="Resource Files">
      <UniqueIdentifier>{67DA6AB6-F800-4c08-8B7A-83BB121AAD01}</UniqueIdentifier>
      <Extensions>rc;ico;cur;bmp;dlg;rc2;rct;bin;rgs;gif;jpg;jpeg;jpe;resx;tiff;tif;png;wav;mfcribbon-ms</Extensions>
    </Filter>
    <Filter Include="Test_Cases">
      <UniqueIdentifier>{0ed03843-a76d-4c6e-b8bf-d7a01edc1360}</UniqueIdentifier>
    </Filter>
    <Filter Include="Test_Cases\Test Header Files">
      <UniqueIdentifier>{70283746-decf-4c0b-a922-92cc476c6068}</UniqueIdentifier>
    </Filter>
    <Filter Include="Test_Cases\Test Source Files">
      <UniqueIdentifier>{9a2b2bb9-2034-437e-9727-286a215decba}</UniqueIdentifier>
    </Filter>
  </ItemGroup>
  <ItemGroup>
    <ClInclude Include="Header Files\card.h">
      <Filter>Header Files</Filter>
    </ClInclude>
    <ClInclude Include="Header Files\compare_funcs.h">
      <Filter>Header Files</Filter>
    </ClInclude>
    <ClInclude Include="Header Files\compare_hands_funcs.h">
      <Filter>Header Files</Filter>
    </ClInclude>
    <ClInclude Include="Header Files\computer_player_ai.h">
      <Filter>Header Files</Filter>
    </ClInclude>
    <ClInclude Include="Header Files\deck.h">
      <Filter>Header Files</Filter>
    </ClInclude>
    <ClInclude Include="Header Files\define_string_messages.h">
      <Filter>Header Files</Filter>
    </ClInclude>
    <ClInclude Include="Header Files\during_match_funcs.h">
      <Filter>Header Files</Filter>
    </ClInclude>
    <ClInclude Include="Header Files\player.h">
      <Filter>Header Files</Filter>
    </ClInclude>
    <ClInclude Include="Header Files\set_game_funcs.h">
      <Filter>Header Files</Filter>
    </ClInclude>
    <ClInclude Include="Test_Cases\Test Header Files\test_cases.h">
      <Filter>Test_Cases\Test Header Files</Filter>
    </ClInclude>
  </ItemGroup>
  <ItemGroup>
    <ClCompile Include="Source Files\card.cpp">
      <Filter>Source Files</Filter>
    </ClCompile>
    <ClCompile Include="Source Files\compare_hands_funcs.cpp">
      <Filter>Source Files</Filter>
    </ClCompile>
    <ClCompile Include="Source Files\computer_player_ai.cpp">
      <Filter>Source Files</Filter>
    </ClCompile>
    <ClCompile Include="Source Files\deck.cpp">
      <Filter>Source Files</Filter>
    </ClCompile>
    <ClCompile Include="Source Files\during_match_funcs.cpp">
      <Filter>Source Files</Filter>
    </ClCompile>
    <ClCompile Include="Source Files\main.cpp">
      <Filter>Source Files</Filter>
    </ClCompile>
    <ClCompile Include="Source Files\player.cpp">
      <Filter>Source Files</Filter>
    </ClCompile>
    <ClCompile Include="Source Files\set_game_funcs.cpp">
      <Filter>Source Files</Filter>
    </ClCompile>
    <ClCompile Include="Test_Cases\Test Source Files\test_cases.cpp">
      <Filter>Test_Cases\Test Source Files</Filter>
    </ClCompile>
  </ItemGroup>
</Project>